
Microsoft Visual Studio Solution File, Format Version 12.00
# Visual Studio Version 16
VisualStudioVersion = 16.0.30621.155
MinimumVisualStudioVersion = 10.0.40219.1
Project("{9A19103F-16F7-4668-BE54-9A1E7A4F7556}") = "DecimationIndex.Core", "DecimationIndex.Core\DecimationIndex.Core.csproj", "{1EFB949E-D530-4F68-A90A-0ED7F46DD1B6}"
EndProject
Project("{9A19103F-16F7-4668-BE54-9A1E7A4F7556}") = "DecimationIndex.Ui", "DecimationIndex.Ui\DecimationIndex.Ui.csproj", "{0FC77010-F185-4132-9CF9-4FB58A6FA890}"
EndProject
Global
	GlobalSection(SolutionConfigurationPlatforms) = preSolution
		Debug|Any CPU = Debug|Any CPU
		Release|Any CPU = Release|Any CPU
	EndGlobalSection
	GlobalSection(ProjectConfigurationPlatforms) = postSolution
		{1EFB949E-D530-4F68-A90A-0ED7F46DD1B6}.Debug|Any CPU.ActiveCfg = Debug|Any CPU
		{1EFB949E-D530-4F68-A90A-0ED7F46DD1B6}.Debug|Any CPU.Build.0 = Debug|Any CPU
		{1EFB949E-D530-4F68-A90A-0ED7F46DD1B6}.Release|Any CPU.ActiveCfg = Release|Any CPU
		{1EFB949E-D530-4F68-A90A-0ED7F46DD1B6}.Release|Any CPU.Build.0 = Release|Any CPU
		{0FC77010-F185-4132-9CF9-4FB58A6FA890}.Debug|Any CPU.ActiveCfg = Debug|Any CPU
		{0FC77010-F185-4132-9CF9-4FB58A6FA890}.Debug|Any CPU.Build.0 = Debug|Any CPU
		{0FC77010-F185-4132-9CF9-4FB58A6FA890}.Release|Any CPU.ActiveCfg = Release|Any CPU
		{0FC77010-F185-4132-9CF9-4FB58A6FA890}.Release|Any CPU.Build.0 = Release|Any CPU
	EndGlobalSection
	GlobalSection(SolutionProperties) = preSolution
		HideSolutionNode = FALSE
	EndGlobalSection
	GlobalSection(ExtensibilityGlobals) = postSolution
		SolutionGuid = {1B449D59-123F-4BE4-8A84-2CD622692BEA}
	EndGlobalSection
EndGlobal
